PODS:
  - GTProgressBar (0.1.1)
  - Nimble (6.0.1)

DEPENDENCIES:
  - GTProgressBar (from `../`)
  - Nimble (~> 6.0.0)

EXTERNAL SOURCES:
  GTProgressBar:
    :path: ../

SPEC CHECKSUMS:
  GTProgressBar: 28d241d036323e6b0a890759b2e34b1d3e6a9a4e
  Nimble: 1527fd1bd2b4cf0636251a36bc8ab37e81da8347

PODFILE CHECKSUM: 9b12e8ccbb623a9ba21cbae90ef3e5c8a9c264f9

COCOAPODS: 1.2.0
