PODS:
  - GTProgressBar (0.1.2)
  - Nimble (6.1.0)

DEPENDENCIES:
  - GTProgressBar (from `../`)
  - Nimble (= 6.1.0)

EXTERNAL SOURCES:
  GTProgressBar:
    :path: ../

SPEC CHECKSUMS:
  GTProgressBar: 1495b58dd7fafd8bbab4a4a100583e6fde228b30
  Nimble: c53e6903fee94041b90ded74f135820437d8bf59

PODFILE CHECKSUM: 19b258ca91026cae4edbe0dc5508a71055a2cec3

COCOAPODS: 1.2.1
