PODS:
  - GTProgressBar (0.2.0)
  - Nimble (7.0.2)

DEPENDENCIES:
  - GTProgressBar (from `../`)
  - Nimble (= 7.0.2)

EXTERNAL SOURCES:
  GTProgressBar:
    :path: ../

SPEC CHECKSUMS:
  GTProgressBar: f05bb63f64c98f475f2a1dd9b9e5744dcaaa503d
  Nimble: bfe1f814edabba69ff145cb1283e04ed636a67f2

PODFILE CHECKSUM: 8fe6957405c7e8487409c85fdb21bb2a1545acfb

COCOAPODS: 1.2.1
